{
  "name": "metalfs-example",
  "version": "0.0.1",
  "lockfileVersion": 1,
  "requires": true,
  "dependencies": {
    "@metalfs/blowfish-decrypt": {
      "version": "0.0.1",
      "resolved": "https://registry.npmjs.org/@metalfs/blowfish-decrypt/-/blowfish-decrypt-0.0.1.tgz",
      "integrity": "sha512-Nyl94vMrN1SZtM0ifaT+sWH7b0tyHcm5N4bOXrokXo9z+2JFHaijEq2j6hu4VHkLLfU1Hmw8N6uXIldNYJiQjQ=="
    },
    "@metalfs/blowfish-encrypt": {
      "version": "0.0.1",
      "resolved": "https://registry.npmjs.org/@metalfs/blowfish-encrypt/-/blowfish-encrypt-0.0.1.tgz",
      "integrity": "sha512-Ysa9X9I2gX/iFqSIi8o8jJZpTAXEEoQXhLgkX0afpxUlCuGn0xwVzET3mG6uAR4tgqL9gmM9Id8pyTuncEVKKg=="
    },
    "@metalfs/colorfilter": {
      "version": "0.0.1",
      "resolved": "https://registry.npmjs.org/@metalfs/colorfilter/-/colorfilter-0.0.1.tgz",
      "integrity": "sha512-x9IW9ZbrAW+F95IQzKqDYN1YAycyjR2ENhsQuLgj/EdI2sYWM9/5XdNay8/7113UDAWwd4Qks3NQgB9aIWLzcg=="
    },
    "@metalfs/snappy-decompress": {
      "version": "0.0.1",
      "resolved": "https://registry.npmjs.org/@metalfs/snappy-decompress/-/snappy-decompress-0.0.1.tgz",
      "integrity": "sha512-+Ds8YscwLSRw1s4glAHGhapq4THD2e6QeIhdBJVJ9jOZlDwkzSd5it+x9koCalAghV7aS8hfoTpVAyP8fG/cTg=="
    }
  }
}
