{
  "name": "metalfs-example",
  "version": "0.0.1",
  "lockfileVersion": 1,
  "requires": true,
  "dependencies": {
    "@metalfs/colorfilter": {
      "version": "0.0.1",
      "resolved": "https://registry.npmjs.org/@metalfs/colorfilter/-/colorfilter-0.0.1.tgz",
      "integrity": "sha512-x9IW9ZbrAW+F95IQzKqDYN1YAycyjR2ENhsQuLgj/EdI2sYWM9/5XdNay8/7113UDAWwd4Qks3NQgB9aIWLzcg=="
    }
  }
}
